// !$*UTF8*$!
{
	archiveVersion = 1;
	classes = {
	};
	objectVersion = 46;
	objects = {

/* Begin PBXBuildFile section */
		12FEE07C18920FA300491E5C /* Foundation.framework in Frameworks */ = {isa = PBXBuildFile; fileRef = 12FEE07B18920FA300491E5C /* Foundation.framework */; };
		12FEE07E18920FA300491E5C /* CoreGraphics.framework in Frameworks */ = {isa = PBXBuildFile; fileRef = 12FEE07D18920FA300491E5C /* CoreGraphics.framework */; };
		12FEE08018920FA300491E5C /* UIKit.framework in Frameworks */ = {isa = PBXBuildFile; fileRef = 12FEE07F18920FA300491E5C /* UIKit.framework */; };
		12FEE08618920FA300491E5C /* InfoPlist.strings in Resources */ = {isa = PBXBuildFile; fileRef = 12FEE08418920FA300491E5C /* InfoPlist.strings */; };
		12FEE08818920FA300491E5C /* main.m in Sources */ = {isa = PBXBuildFile; fileRef = 12FEE08718920FA300491E5C /* main.m */; };
		12FEE08C18920FA300491E5C /* AppDelegate.m in Sources */ = {isa = PBXBuildFile; fileRef = 12FEE08B18920FA300491E5C /* AppDelegate.m */; };
		12FEE08F18920FA300491E5C /* Main.storyboard in Resources */ = {isa = PBXBuildFile; fileRef = 12FEE08D18920FA300491E5C /* Main.storyboard */; };
		12FEE09218920FA300491E5C /* ViewController.m in Sources */ = {isa = PBXBuildFile; fileRef = 12FEE09118920FA300491E5C /* ViewController.m */; };
		12FEE09418920FA400491E5C /* Images.xcassets in Resources */ = {isa = PBXBuildFile; fileRef = 12FEE09318920FA400491E5C /* Images.xcassets */; };
		12FEE09B18920FA400491E5C /* XCTest.framework in Frameworks */ = {isa = PBXBuildFile; fileRef = 12FEE09A18920FA400491E5C /* XCTest.framework */; };
		12FEE09C18920FA400491E5C /* Foundation.framework in Frameworks */ = {isa = PBXBuildFile; fileRef = 12FEE07B18920FA300491E5C /* Foundation.framework */; };
		12FEE09D18920FA400491E5C /* UIKit.framework in Frameworks */ = {isa = PBXBuildFile; fileRef = 12FEE07F18920FA300491E5C /* UIKit.framework */; };
		12FEE0A518920FA400491E5C /* InfoPlist.strings in Resources */ = {isa = PBXBuildFile; fileRef = 12FEE0A318920FA400491E5C /* InfoPlist.strings */; };
		12FEE0A718920FA400491E5C /* SaveToDefaultsTests.m in Sources */ = {isa = PBXBuildFile; fileRef = 12FEE0A618920FA400491E5C /* SaveToDefaultsTests.m */; };
		12FEE0BC18936C9C00491E5C /* SecondViewController.m in Sources */ = {isa = PBXBuildFile; fileRef = 12FEE0BB18936C9C00491E5C /* SecondViewController.m */; };
		12FEE0BE1893726500491E5C /* img.png in Resources */ = {isa = PBXBuildFile; fileRef = 12FEE0BD1893726500491E5C /* img.png */; };
		12FEE0C018937C1A00491E5C /* Twitter.framework in Frameworks */ = {isa = PBXBuildFile; fileRef = 12FEE0BF18937C1A00491E5C /* Twitter.framework */; };
		12FEE0C218937E9500491E5C /* twitter.png in Resources */ = {isa = PBXBuildFile; fileRef = 12FEE0C118937E9500491E5C /* twitter.png */; };
		12FEE0C418937F7600491E5C /* Facebook-Icon.png in Resources */ = {isa = PBXBuildFile; fileRef = 12FEE0C318937F7600491E5C /* Facebook-Icon.png */; };
		12FEE0C61893807900491E5C /* Social.framework in Frameworks */ = {isa = PBXBuildFile; fileRef = 12FEE0C51893807900491E5C /* Social.framework */; };
/* End PBXBuildFile section */

/* Begin PBXContainerItemProxy section */
		12FEE09E18920FA400491E5C /* PBXContainerItemProxy */ = {
			isa = PBXContainerItemProxy;
			containerPortal = 12FEE07018920FA300491E5C /* Project object */;
			proxyType = 1;
			remoteGlobalIDString = 12FEE07718920FA300491E5C;
			remoteInfo = SaveToDefaults;
		};
/* End PBXContainerItemProxy section */

/* Begin PBXFileReference section */
		12FEE07818920FA300491E5C /* SaveToDefaults.app */ = {isa = PBXFileReference; explicitFileType = wrapper.application; includeInIndex = 0; path = SaveToDefaults.app; sourceTree = BUILT_PRODUCTS_DIR; };
		12FEE07B18920FA300491E5C /* Foundation.framework */ = {isa = PBXFileReference; lastKnownFileType = wrapper.framework; name = Foundation.framework; path = System/Library/Frameworks/Foundation.framework; sourceTree = SDKROOT; };
		12FEE07D18920FA300491E5C /* CoreGraphics.framework */ = {isa = PBXFileReference; lastKnownFileType = wrapper.framework; name = CoreGraphics.framework; path = System/Library/Frameworks/CoreGraphics.framework; sourceTree = SDKROOT; };
		12FEE07F18920FA300491E5C /* UIKit.framework */ = {isa = PBXFileReference; lastKnownFileType = wrapper.framework; name = UIKit.framework; path = System/Library/Frameworks/UIKit.framework; sourceTree = SDKROOT; };
		12FEE08318920FA300491E5C /* SaveToDefaults-Info.plist */ = {isa = PBXFileReference; lastKnownFileType = text.plist.xml; path = "SaveToDefaults-Info.plist"; sourceTree = "<group>"; };
		12FEE08518920FA300491E5C /* en */ = {isa = PBXFileReference; lastKnownFileType = text.plist.strings; name = en; path = en.lproj/InfoPlist.strings; sourceTree = "<group>"; };
		12FEE08718920FA300491E5C /* main.m */ = {isa = PBXFileReference; lastKnownFileType = sourcecode.c.objc; path = main.m; sourceTree = "<group>"; };
		12FEE08918920FA300491E5C /* SaveToDefaults-Prefix.pch */ = {isa = PBXFileReference; lastKnownFileType = sourcecode.c.h; path = "SaveToDefaults-Prefix.pch"; sourceTree = "<group>"; };
		12FEE08A18920FA300491E5C /* AppDelegate.h */ = {isa = PBXFileReference; lastKnownFileType = sourcecode.c.h; path = AppDelegate.h; sourceTree = "<group>"; };
		12FEE08B18920FA300491E5C /* AppDelegate.m */ = {isa = PBXFileReference; lastKnownFileType = sourcecode.c.objc; path = AppDelegate.m; sourceTree = "<group>"; };
		12FEE08E18920FA300491E5C /* Base */ = {isa = PBXFileReference; lastKnownFileType = file.storyboard; name = Base; path = Base.lproj/Main.storyboard; sourceTree = "<group>"; };
		12FEE09018920FA300491E5C /* ViewController.h */ = {isa = PBXFileReference; lastKnownFileType = sourcecode.c.h; path = ViewController.h; sourceTree = "<group>"; };
		12FEE09118920FA300491E5C /* ViewController.m */ = {isa = PBXFileReference; lastKnownFileType = sourcecode.c.objc; path = ViewController.m; sourceTree = "<group>"; };
		12FEE09318920FA400491E5C /* Images.xcassets */ = {isa = PBXFileReference; lastKnownFileType = folder.assetcatalog; path = Images.xcassets; sourceTree = "<group>"; };
		12FEE09918920FA400491E5C /* SaveToDefaultsTests.xctest */ = {isa = PBXFileReference; explicitFileType = wrapper.cfbundle; includeInIndex = 0; path = SaveToDefaultsTests.xctest; sourceTree = BUILT_PRODUCTS_DIR; };
		12FEE09A18920FA400491E5C /* XCTest.framework */ = {isa = PBXFileReference; lastKnownFileType = wrapper.framework; name = XCTest.framework; path = Library/Frameworks/XCTest.framework; sourceTree = DEVELOPER_DIR; };
		12FEE0A218920FA400491E5C /* SaveToDefaultsTests-Info.plist */ = {isa = PBXFileReference; lastKnownFileType = text.plist.xml; path = "SaveToDefaultsTests-Info.plist"; sourceTree = "<group>"; };
		12FEE0A418920FA400491E5C /* en */ = {isa = PBXFileReference; lastKnownFileType = text.plist.strings; name = en; path = en.lproj/InfoPlist.strings; sourceTree = "<group>"; };
		12FEE0A618920FA400491E5C /* SaveToDefaultsTests.m */ = {isa = PBXFileReference; lastKnownFileType = sourcecode.c.objc; path = SaveToDefaultsTests.m; sourceTree = "<group>"; };
		12FEE0BA18936C9C00491E5C /* SecondViewController.h */ = {isa = PBXFileReference; fileEncoding = 4; lastKnownFileType = sourcecode.c.h; path = SecondViewController.h; sourceTree = "<group>"; };
		12FEE0BB18936C9C00491E5C /* SecondViewController.m */ = {isa = PBXFileReference; fileEncoding = 4; lastKnownFileType = sourcecode.c.objc; path = SecondViewController.m; sourceTree = "<group>"; };
		12FEE0BD1893726500491E5C /* img.png */ = {isa = PBXFileReference; lastKnownFileType = image.png; path = img.png; sourceTree = "<group>"; };
		12FEE0BF18937C1A00491E5C /* Twitter.framework */ = {isa = PBXFileReference; lastKnownFileType = wrapper.framework; name = Twitter.framework; path = System/Library/Frameworks/Twitter.framework; sourceTree = SDKROOT; };
		12FEE0C118937E9500491E5C /* twitter.png */ = {isa = PBXFileReference; lastKnownFileType = image.png; name = twitter.png; path = ../../../Desktop/twitter.png; sourceTree = "<group>"; };
		12FEE0C318937F7600491E5C /* Facebook-Icon.png */ = {isa = PBXFileReference; lastKnownFileType = image.png; name = "Facebook-Icon.png"; path = "../../../Desktop/Facebook-Icon.png"; sourceTree = "<group>"; };
		12FEE0C51893807900491E5C /* Social.framework */ = {isa = PBXFileReference; lastKnownFileType = wrapper.framework; name = Social.framework; path = System/Library/Frameworks/Social.framework; sourceTree = SDKROOT; };
/* End PBXFileReference section */

/* Begin PBXFrameworksBuildPhase section */
		12FEE07518920FA300491E5C /* Frameworks */ = {
			isa = PBXFrameworksBuildPhase;
			buildActionMask = 2147483647;
			files = (
				12FEE0C61893807900491E5C /* Social.framework in Frameworks */,
				12FEE0C018937C1A00491E5C /* Twitter.framework in Frameworks */,
				12FEE07E18920FA300491E5C /* CoreGraphics.framework in Frameworks */,
				12FEE08018920FA300491E5C /* UIKit.framework in Frameworks */,
				12FEE07C18920FA300491E5C /* Foundation.framework in Frameworks */,
			);
			runOnlyForDeploymentPostprocessing = 0;
		};
		12FEE09618920FA400491E5C /* Frameworks */ = {
			isa = PBXFrameworksBuildPhase;
			buildActionMask = 2147483647;
			files = (
				12FEE09B18920FA400491E5C /* XCTest.framework in Frameworks */,
				12FEE09D18920FA400491E5C /* UIKit.framework in Frameworks */,
				12FEE09C18920FA400491E5C /* Foundation.framework in Frameworks */,
			);
			runOnlyForDeploymentPostprocessing = 0;
		};
/* End PBXFrameworksBuildPhase section */

/* Begin PBXGroup section */
		12FEE06F18920FA300491E5C = {
			isa = PBXGroup;
			children = (
				12FEE08118920FA300491E5C /* SaveToDefaults */,
				12FEE0A018920FA400491E5C /* SaveToDefaultsTests */,
				12FEE07A18920FA300491E5C /* Frameworks */,
				12FEE07918920FA300491E5C /* Products */,
			);
			sourceTree = "<group>";
		};
		12FEE07918920FA300491E5C /* Products */ = {
			isa = PBXGroup;
			children = (
				12FEE07818920FA300491E5C /* SaveToDefaults.app */,
				12FEE09918920FA400491E5C /* SaveToDefaultsTests.xctest */,
			);
			name = Products;
			sourceTree = "<group>";
		};
		12FEE07A18920FA300491E5C /* Frameworks */ = {
			isa = PBXGroup;
			children = (
				12FEE0C51893807900491E5C /* Social.framework */,
				12FEE0BF18937C1A00491E5C /* Twitter.framework */,
				12FEE07B18920FA300491E5C /* Foundation.framework */,
				12FEE07D18920FA300491E5C /* CoreGraphics.framework */,
				12FEE07F18920FA300491E5C /* UIKit.framework */,
				12FEE09A18920FA400491E5C /* XCTest.framework */,
			);
			name = Frameworks;
			sourceTree = "<group>";
		};
		12FEE08118920FA300491E5C /* SaveToDefaults */ = {
			isa = PBXGroup;
			children = (
				12FEE0C318937F7600491E5C /* Facebook-Icon.png */,
				12FEE0C118937E9500491E5C /* twitter.png */,
				12FEE0BD1893726500491E5C /* img.png */,
				12FEE08A18920FA300491E5C /* AppDelegate.h */,
				12FEE08B18920FA300491E5C /* AppDelegate.m */,
				12FEE08D18920FA300491E5C /* Main.storyboard */,
				12FEE09018920FA300491E5C /* ViewController.h */,
				12FEE09118920FA300491E5C /* ViewController.m */,
				12FEE09318920FA400491E5C /* Images.xcassets */,
				12FEE08218920FA300491E5C /* Supporting Files */,
				12FEE0BA18936C9C00491E5C /* SecondViewController.h */,
				12FEE0BB18936C9C00491E5C /* SecondViewController.m */,
			);
			path = SaveToDefaults;
			sourceTree = "<group>";
		};
		12FEE08218920FA300491E5C /* Supporting Files */ = {
			isa = PBXGroup;
			children = (
				12FEE08318920FA300491E5C /* SaveToDefaults-Info.plist */,
				12FEE08418920FA300491E5C /* InfoPlist.strings */,
				12FEE08718920FA300491E5C /* main.m */,
				12FEE08918920FA300491E5C /* SaveToDefaults-Prefix.pch */,
			);
			name = "Supporting Files";
			sourceTree = "<group>";
		};
		12FEE0A018920FA400491E5C /* SaveToDefaultsTests */ = {
			isa = PBXGroup;
			children = (
				12FEE0A618920FA400491E5C /* SaveToDefaultsTests.m */,
				12FEE0A118920FA400491E5C /* Supporting Files */,
			);
			path = SaveToDefaultsTests;
			sourceTree = "<group>";
		};
		12FEE0A118920FA400491E5C /* Supporting Files */ = {
			isa = PBXGroup;
			children = (
				12FEE0A218920FA400491E5C /* SaveToDefaultsTests-Info.plist */,
				12FEE0A318920FA400491E5C /* InfoPlist.strings */,
			);
			name = "Supporting Files";
			sourceTree = "<group>";
		};
/* End PBXGroup section */

/* Begin PBXNativeTarget section */
		12FEE07718920FA300491E5C /* SaveToDefaults */ = {
			isa = PBXNativeTarget;
			buildConfigurationList = 12FEE0AA18920FA400491E5C /* Build configuration list for PBXNativeTarget "SaveToDefaults" */;
			buildPhases = (
				12FEE07418920FA300491E5C /* Sources */,
				12FEE07518920FA300491E5C /* Frameworks */,
				12FEE07618920FA300491E5C /* Resources */,
			);
			buildRules = (
			);
			dependencies = (
			);
			name = SaveToDefaults;
			productName = SaveToDefaults;
			productReference = 12FEE07818920FA300491E5C /* SaveToDefaults.app */;
			productType = "com.apple.product-type.application";
		};
		12FEE09818920FA400491E5C /* SaveToDefaultsTests */ = {
			isa = PBXNativeTarget;
			buildConfigurationList = 12FEE0AD18920FA400491E5C /* Build configuration list for PBXNativeTarget "SaveToDefaultsTests" */;
			buildPhases = (
				12FEE09518920FA400491E5C /* Sources */,
				12FEE09618920FA400491E5C /* Frameworks */,
				12FEE09718920FA400491E5C /* Resources */,
			);
			buildRules = (
			);
			dependencies = (
				12FEE09F18920FA400491E5C /* PBXTargetDependency */,
			);
			name = SaveToDefaultsTests;
			productName = SaveToDefaultsTests;
			productReference = 12FEE09918920FA400491E5C /* SaveToDefaultsTests.xctest */;
			productType = "com.apple.product-type.bundle.unit-test";
		};
/* End PBXNativeTarget section */

/* Begin PBXProject section */
		12FEE07018920FA300491E5C /* Project object */ = {
			isa = PBXProject;
			attributes = {
				LastUpgradeCheck = 0500;
				ORGANIZATIONNAME = "Francisco Surroca";
				TargetAttributes = {
					12FEE09818920FA400491E5C = {
						TestTargetID = 12FEE07718920FA300491E5C;
					};
				};
			};
			buildConfigurationList = 12FEE07318920FA300491E5C /* Build configuration list for PBXProject "SaveToDefaults" */;
			compatibilityVersion = "Xcode 3.2";
			developmentRegion = English;
			hasScannedForEncodings = 0;
			knownRegions = (
				en,
				Base,
			);
			mainGroup = 12FEE06F18920FA300491E5C;
			productRefGroup = 12FEE07918920FA300491E5C /* Products */;
			projectDirPath = "";
			projectRoot = "";
			targets = (
				12FEE07718920FA300491E5C /* SaveToDefaults */,
				12FEE09818920FA400491E5C /* SaveToDefaultsTests */,
			);
		};
/* End PBXProject section */

/* Begin PBXResourcesBuildPhase section */
		12FEE07618920FA300491E5C /* Resources */ = {
			isa = PBXResourcesBuildPhase;
			buildActionMask = 2147483647;
			files = (
				12FEE09418920FA400491E5C /* Images.xcassets in Resources */,
				12FEE08618920FA300491E5C /* InfoPlist.strings in Resources */,
				12FEE0C418937F7600491E5C /* Facebook-Icon.png in Resources */,
				12FEE0C218937E9500491E5C /* twitter.png in Resources */,
				12FEE08F18920FA300491E5C /* Main.storyboard in Resources */,
				12FEE0BE1893726500491E5C /* img.png in Resources */,
			);
			runOnlyForDeploymentPostprocessing = 0;
		};
		12FEE09718920FA400491E5C /* Resources */ = {
			isa = PBXResourcesBuildPhase;
			buildActionMask = 2147483647;
			files = (
				12FEE0A518920FA400491E5C /* InfoPlist.strings in Resources */,
			);
			runOnlyForDeploymentPostprocessing = 0;
		};
/* End PBXResourcesBuildPhase section */

/* Begin PBXSourcesBuildPhase section */
		12FEE07418920FA300491E5C /* Sources */ = {
			isa = PBXSourcesBuildPhase;
			buildActionMask = 2147483647;
			files = (
				12FEE0BC18936C9C00491E5C /* SecondViewController.m in Sources */,
				12FEE09218920FA300491E5C /* ViewController.m in Sources */,
				12FEE08C18920FA300491E5C /* AppDelegate.m in Sources */,
				12FEE08818920FA300491E5C /* main.m in Sources */,
			);
			runOnlyForDeploymentPostprocessing = 0;
		};
		12FEE09518920FA400491E5C /* Sources */ = {
			isa = PBXSourcesBuildPhase;
			buildActionMask = 2147483647;
			files = (
				12FEE0A718920FA400491E5C /* SaveToDefaultsTests.m in Sources */,
			);
			runOnlyForDeploymentPostprocessing = 0;
		};
/* End PBXSourcesBuildPhase section */

/* Begin PBXTargetDependency section */
		12FEE09F18920FA400491E5C /* PBXTargetDependency */ = {
			isa = PBXTargetDependency;
			target = 12FEE07718920FA300491E5C /* SaveToDefaults */;
			targetProxy = 12FEE09E18920FA400491E5C /* PBXContainerItemProxy */;
		};
/* End PBXTargetDependency section */

/* Begin PBXVariantGroup section */
		12FEE08418920FA300491E5C /* InfoPlist.strings */ = {
			isa = PBXVariantGroup;
			children = (
				12FEE08518920FA300491E5C /* en */,
			);
			name = InfoPlist.strings;
			sourceTree = "<group>";
		};
		12FEE08D18920FA300491E5C /* Main.storyboard */ = {
			isa = PBXVariantGroup;
			children = (
				12FEE08E18920FA300491E5C /* Base */,
			);
			name = Main.storyboard;
			sourceTree = "<group>";
		};
		12FEE0A318920FA400491E5C /* InfoPlist.strings */ = {
			isa = PBXVariantGroup;
			children = (
				12FEE0A418920FA400491E5C /* en */,
			);
			name = InfoPlist.strings;
			sourceTree = "<group>";
		};
/* End PBXVariantGroup section */

/* Begin XCBuildConfiguration section */
		12FEE0A818920FA400491E5C /* Debug */ = {
			isa = XCBuildConfiguration;
			buildSettings = {
				ALWAYS_SEARCH_USER_PATHS = NO;
				ARCHS = "$(ARCHS_STANDARD_INCLUDING_64_BIT)";
				CLANG_CXX_LANGUAGE_STANDARD = "gnu++0x";
				CLANG_CXX_LIBRARY = "libc++";
				CLANG_ENABLE_MODULES = YES;
				CLANG_ENABLE_OBJC_ARC = YES;
				CLANG_WARN_BOOL_CONVERSION = YES;
				CLANG_WARN_CONSTANT_CONVERSION = YES;
				CLANG_WARN_DIRECT_OBJC_ISA_USAGE = YES_ERROR;
				CLANG_WARN_EMPTY_BODY = YES;
				CLANG_WARN_ENUM_CONVERSION = YES;
				CLANG_WARN_INT_CONVERSION = YES;
				CLANG_WARN_OBJC_ROOT_CLASS = YES_ERROR;
				CLANG_WARN__DUPLICATE_METHOD_MATCH = YES;
				"CODE_SIGN_IDENTITY[sdk=iphoneos*]" = "iPhone Developer";
				COPY_PHASE_STRIP = NO;
				GCC_C_LANGUAGE_STANDARD = gnu99;
				GCC_DYNAMIC_NO_PIC = NO;
				GCC_OPTIMIZATION_LEVEL = 0;
				GCC_PREPROCESSOR_DEFINITIONS = (
					"DEBUG=1",
					"$(inherited)",
				);
				GCC_SYMBOLS_PRIVATE_EXTERN = NO;
				GCC_WARN_64_TO_32_BIT_CONVERSION = YES;
				GCC_WARN_ABOUT_RETURN_TYPE = YES_ERROR;
				GCC_WARN_UNDECLARED_SELECTOR = YES;
				GCC_WARN_UNINITIALIZED_AUTOS = YES;
				GCC_WARN_UNUSED_FUNCTION = YES;
				GCC_WARN_UNUSED_VARIABLE = YES;
				IPHONEOS_DEPLOYMENT_TARGET = 7.0;
				ONLY_ACTIVE_ARCH = YES;
				SDKROOT = iphoneos;
			};
			name = Debug;
		};
		12FEE0A918920FA400491E5C /* Release */ = {
			isa = XCBuildConfiguration;
			buildSettings = {
				ALWAYS_SEARCH_USER_PATHS = NO;
				ARCHS = "$(ARCHS_STANDARD_INCLUDING_64_BIT)";
				CLANG_CXX_LANGUAGE_STANDARD = "gnu++0x";
				CLANG_CXX_LIBRARY = "libc++";
				CLANG_ENABLE_MODULES = YES;
				CLANG_ENABLE_OBJC_ARC = YES;
				CLANG_WARN_BOOL_CONVERSION = YES;
				CLANG_WARN_CONSTANT_CONVERSION = YES;
				CLANG_WARN_DIRECT_OBJC_ISA_USAGE = YES_ERROR;
				CLANG_WARN_EMPTY_BODY = YES;
				CLANG_WARN_ENUM_CONVERSION = YES;
				CLANG_WARN_INT_CONVERSION = YES;
				CLANG_WARN_OBJC_ROOT_CLASS = YES_ERROR;
				CLANG_WARN__DUPLICATE_METHOD_MATCH = YES;
				"CODE_SIGN_IDENTITY[sdk=iphoneos*]" = "iPhone Developer";
				COPY_PHASE_STRIP = YES;
				ENABLE_NS_ASSERTIONS = NO;
				GCC_C_LANGUAGE_STANDARD = gnu99;
				GCC_WARN_64_TO_32_BIT_CONVERSION = YES;
				GCC_WARN_ABOUT_RETURN_TYPE = YES_ERROR;
				GCC_WARN_UNDECLARED_SELECTOR = YES;
				GCC_WARN_UNINITIALIZED_AUTOS = YES;
				GCC_WARN_UNUSED_FUNCTION = YES;
				GCC_WARN_UNUSED_VARIABLE = YES;
				IPHONEOS_DEPLOYMENT_TARGET = 7.0;
				SDKROOT = iphoneos;
				VALIDATE_PRODUCT = YES;
			};
			name = Release;
		};
		12FEE0AB18920FA400491E5C /* Debug */ = {
			isa = XCBuildConfiguration;
			buildSettings = {
				ASSETCATALOG_COMPILER_APPICON_NAME = AppIcon;
				ASSETCATALOG_COMPILER_LAUNCHIMAGE_NAME = LaunchImage;
				GCC_PRECOMPILE_PREFIX_HEADER = YES;
				GCC_PREFIX_HEADER = "SaveToDefaults/SaveToDefaults-Prefix.pch";
				INFOPLIST_FILE = "SaveToDefaults/SaveToDefaults-Info.plist";
				PRODUCT_NAME = "$(TARGET_NAME)";
				WRAPPER_EXTENSION = app;
			};
			name = Debug;
		};
		12FEE0AC18920FA400491E5C /* Release */ = {
			isa = XCBuildConfiguration;
			buildSettings = {
				ASSETCATALOG_COMPILER_APPICON_NAME = AppIcon;
				ASSETCATALOG_COMPILER_LAUNCHIMAGE_NAME = LaunchImage;
				GCC_PRECOMPILE_PREFIX_HEADER = YES;
				GCC_PREFIX_HEADER = "SaveToDefaults/SaveToDefaults-Prefix.pch";
				INFOPLIST_FILE = "SaveToDefaults/SaveToDefaults-Info.plist";
				PRODUCT_NAME = "$(TARGET_NAME)";
				WRAPPER_EXTENSION = app;
			};
			name = Release;
		};
		12FEE0AE18920FA400491E5C /* Debug */ = {
			isa = XCBuildConfiguration;
			buildSettings = {
				ARCHS = "$(ARCHS_STANDARD_INCLUDING_64_BIT)";
				BUNDLE_LOADER = "$(BUILT_PRODUCTS_DIR)/SaveToDefaults.app/SaveToDefaults";
				FRAMEWORK_SEARCH_PATHS = (
					"$(SDKROOT)/Developer/Library/Frameworks",
					"$(inherited)",
					"$(DEVELOPER_FRAMEWORKS_DIR)",
				);
				GCC_PRECOMPILE_PREFIX_HEADER = YES;
				GCC_PREFIX_HEADER = "SaveToDefaults/SaveToDefaults-Prefix.pch";
				GCC_PREPROCESSOR_DEFINITIONS = (
					"DEBUG=1",
					"$(inherited)",
				);
				INFOPLIST_FILE = "SaveToDefaultsTests/SaveToDefaultsTests-Info.plist";
				PRODUCT_NAME = "$(TARGET_NAME)";
				TEST_HOST = "$(BUNDLE_LOADER)";
				WRAPPER_EXTENSION = xctest;
			};
			name = Debug;
		};
		12FEE0AF18920FA400491E5C /* Release */ = {
			isa = XCBuildConfiguration;
			buildSettings = {
				ARCHS = "$(ARCHS_STANDARD_INCLUDING_64_BIT)";
				BUNDLE_LOADER = "$(BUILT_PRODUCTS_DIR)/SaveToDefaults.app/SaveToDefaults";
				FRAMEWORK_SEARCH_PATHS = (
					"$(SDKROOT)/Developer/Library/Frameworks",
					"$(inherited)",
					"$(DEVELOPER_FRAMEWORKS_DIR)",
				);
				GCC_PRECOMPILE_PREFIX_HEADER = YES;
				GCC_PREFIX_HEADER = "SaveToDefaults/SaveToDefaults-Prefix.pch";
				INFOPLIST_FILE = "SaveToDefaultsTests/SaveToDefaultsTests-Info.plist";
				PRODUCT_NAME = "$(TARGET_NAME)";
				TEST_HOST = "$(BUNDLE_LOADER)";
				WRAPPER_EXTENSION = xctest;
			};
			name = Release;
		};
/* End XCBuildConfiguration section */

/* Begin XCConfigurationList section */
		12FEE07318920FA300491E5C /* Build configuration list for PBXProject "SaveToDefaults" */ = {
			isa = XCConfigurationList;
			buildConfigurations = (
				12FEE0A818920FA400491E5C /* Debug */,
				12FEE0A918920FA400491E5C /* Release */,
			);
			defaultConfigurationIsVisible = 0;
			defaultConfigurationName = Release;
		};
		12FEE0AA18920FA400491E5C /* Build configuration list for PBXNativeTarget "SaveToDefaults" */ = {
			isa = XCConfigurationList;
			buildConfigurations = (
				12FEE0AB18920FA400491E5C /* Debug */,
				12FEE0AC18920FA400491E5C /* Release */,
			);
			defaultConfigurationIsVisible = 0;
			defaultConfigurationName = Release;
		};
		12FEE0AD18920FA400491E5C /* Build configuration list for PBXNativeTarget "SaveToDefaultsTests" */ = {
			isa = XCConfigurationList;
			buildConfigurations = (
				12FEE0AE18920FA400491E5C /* Debug */,
				12FEE0AF18920FA400491E5C /* Release */,
			);
			defaultConfigurationIsVisible = 0;
			defaultConfigurationName = Release;
		};
/* End XCConfigurationList section */
	};
	rootObject = 12FEE07018920FA300491E5C /* Project object */;
}
